# This file is generated by `embr install`; do not edit it manually.
version = 2

[[package]]
name = "ukendio/jecs"
version = "0.11.0"
environment = "roblox"
link = "jecs"
index = "https://github.com/UpliftGames/wally-index"
type = "zip"
url = "https://api.wally.run/v1/package-contents/ukendio/jecs/0.11.0"
